
Microsoft Visual Studio Solution File, Format Version 12.00
# Visual Studio Version 16
VisualStudioVersion = 16.0.33920.266
MinimumVisualStudioVersion = 10.0.40219.1
Project("{FAE04EC0-301F-11D3-BF4B-00C04F79EFBC}") = "КП -19- 1 Домашнее задание", "КП -19- 1 Домашнее задание.csproj", "{DD92ED25-D909-46D7-8FD9-B91B1A7F39E7}"
EndProject
Global
	GlobalSection(SolutionConfigurationPlatforms) = preSolution
		Debug|Any CPU = Debug|Any CPU
		Release|Any CPU = Release|Any CPU
	EndGlobalSection
	GlobalSection(ProjectConfigurationPlatforms) = postSolution
		{DD92ED25-D909-46D7-8FD9-B91B1A7F39E7}.Debug|Any CPU.ActiveCfg = Debug|Any CPU
		{DD92ED25-D909-46D7-8FD9-B91B1A7F39E7}.Debug|Any CPU.Build.0 = Debug|Any CPU
		{DD92ED25-D909-46D7-8FD9-B91B1A7F39E7}.Release|Any CPU.ActiveCfg = Release|Any CPU
		{DD92ED25-D909-46D7-8FD9-B91B1A7F39E7}.Release|Any CPU.Build.0 = Release|Any CPU
	EndGlobalSection
	GlobalSection(SolutionProperties) = preSolution
		HideSolutionNode = FALSE
	EndGlobalSection
	GlobalSection(ExtensibilityGlobals) = postSolution
		SolutionGuid = {30576CDC-0C8B-4370-8973-57AB8F278B56}
	EndGlobalSection
EndGlobal
